{
  "name": "career-counselling-web-app",
  "version": "1.1.0",
  "lockfileVersion": 3,
  "requires": true,
  "packages": {
    "": {
      "name": "career-counselling-web-app",
      "version": "1.1.0",
      "dependencies": {
        "dotenv": "^17.2.2",
        "serverless-http": "^4.0.0"
      },
      "engines": {
        "node": ">=16.0.0"
      }
    },
    "node_modules/dotenv": {
      "version": "17.2.2",
      "resolved": "https://registry.npmjs.org/dotenv/-/dotenv-17.2.2.tgz",
      "integrity": "sha512-Sf2LSQP+bOlhKWWyhFsn0UsfdK/kCWRv1iuA2gXAwt3dyNabr6QSj00I2V10pidqz69soatm9ZwZvpQMTIOd5Q==",
      "license": "BSD-2-Clause",
      "engines": {
        "node": ">=12"
      },
      "funding": {
        "url": "https://dotenvx.com"
      }
    },
    "node_modules/serverless-http": {
      "version": "4.0.0",
      "resolved": "https://registry.npmjs.org/serverless-http/-/serverless-http-4.0.0.tgz",
      "integrity": "sha512-KKl9h1+VApX9y2vHsVMogf906UXBwO3FDYiWPzqS0mCjEEx4Sx91JrssbWA7RN43HBuxrtoh8MkocZPvjyGnLg==",
      "license": "MIT",
      "engines": {
        "node": ">=12.0"
      }
    }
  }
}
